// !$*UTF8*$!
{
	archiveVersion = 1;
	classes = {
	};
	objectVersion = 56;
	objects = {

/* Begin PBXBuildFile section */
		D07B09192BE3C8C9001ACDB2 /* AppDelegate.swift in Sources */ = {isa = PBXBuildFile; fileRef = D07B09182BE3C8C9001ACDB2 /* AppDelegate.swift */; };
		D07B091B2BE3C8C9001ACDB2 /* SceneDelegate.swift in Sources */ = {isa = PBXBuildFile; fileRef = D07B091A2BE3C8C9001ACDB2 /* SceneDelegate.swift */; };
		D07B09222BE3C8CA001ACDB2 /* Assets.xcassets in Resources */ = {isa = PBXBuildFile; fileRef = D07B09212BE3C8CA001ACDB2 /* Assets.xcassets */; };
		D07B09252BE3C8CA001ACDB2 /* Base in Resources */ = {isa = PBXBuildFile; fileRef = D07B09242BE3C8CA001ACDB2 /* Base */; };
		D07B092F2BE3D9C3001ACDB2 /* Networking in Frameworks */ = {isa = PBXBuildFile; productRef = D07B092E2BE3D9C3001ACDB2 /* Networking */; };
		D07B09352BE3E304001ACDB2 /* CatFactsViewController.swift in Sources */ = {isa = PBXBuildFile; fileRef = D07B09342BE3E304001ACDB2 /* CatFactsViewController.swift */; };
		D07B09372BE3E35E001ACDB2 /* CatFactsViewModel.swift in Sources */ = {isa = PBXBuildFile; fileRef = D07B09362BE3E35E001ACDB2 /* CatFactsViewModel.swift */; };
		D07B093B2BE3E994001ACDB2 /* FactsModal.swift in Sources */ = {isa = PBXBuildFile; fileRef = D07B093A2BE3E994001ACDB2 /* FactsModal.swift */; };
		D07B093E2BE3F2FC001ACDB2 /* CatFactsViewTableViewCell.swift in Sources */ = {isa = PBXBuildFile; fileRef = D07B093D2BE3F2FC001ACDB2 /* CatFactsViewTableViewCell.swift */; };
		D07B09402BE3F31A001ACDB2 /* FactsTableViewCellViewModel.swift in Sources */ = {isa = PBXBuildFile; fileRef = D07B093F2BE3F31A001ACDB2 /* FactsTableViewCellViewModel.swift */; };
		D07B09432BE4375C001ACDB2 /* FactsExtension.swift in Sources */ = {isa = PBXBuildFile; fileRef = D07B09422BE4375C001ACDB2 /* FactsExtension.swift */; };
/* End PBXBuildFile section */

/* Begin PBXFileReference section */
		D07B09152BE3C8C9001ACDB2 /* Garfield.app */ = {isa = PBXFileReference; explicitFileType = wrapper.application; includeInIndex = 0; path = Garfield.app; sourceTree = BUILT_PRODUCTS_DIR; };
		D07B09182BE3C8C9001ACDB2 /* AppDelegate.swift */ = {isa = PBXFileReference; lastKnownFileType = sourcecode.swift; path = AppDelegate.swift; sourceTree = "<group>"; };
		D07B091A2BE3C8C9001ACDB2 /* SceneDelegate.swift */ = {isa = PBXFileReference; lastKnownFileType = sourcecode.swift; path = SceneDelegate.swift; sourceTree = "<group>"; };
		D07B09212BE3C8CA001ACDB2 /* Assets.xcassets */ = {isa = PBXFileReference; lastKnownFileType = folder.assetcatalog; path = Assets.xcassets; sourceTree = "<group>"; };
		D07B09242BE3C8CA001ACDB2 /* Base */ = {isa = PBXFileReference; lastKnownFileType = file.storyboard; name = Base; path = Base.lproj/LaunchScreen.storyboard; sourceTree = "<group>"; };
		D07B09262BE3C8CA001ACDB2 /* Info.plist */ = {isa = PBXFileReference; lastKnownFileType = text.plist.xml; path = Info.plist; sourceTree = "<group>"; };
		D07B09342BE3E304001ACDB2 /* CatFactsViewController.swift */ = {isa = PBXFileReference; lastKnownFileType = sourcecode.swift; path = CatFactsViewController.swift; sourceTree = "<group>"; };
		D07B09362BE3E35E001ACDB2 /* CatFactsViewModel.swift */ = {isa = PBXFileReference; lastKnownFileType = sourcecode.swift; path = CatFactsViewModel.swift; sourceTree = "<group>"; };
		D07B093A2BE3E994001ACDB2 /* FactsModal.swift */ = {isa = PBXFileReference; lastKnownFileType = sourcecode.swift; path = FactsModal.swift; sourceTree = "<group>"; };
		D07B093D2BE3F2FC001ACDB2 /* CatFactsViewTableViewCell.swift */ = {isa = PBXFileReference; lastKnownFileType = sourcecode.swift; path = CatFactsViewTableViewCell.swift; sourceTree = "<group>"; };
		D07B093F2BE3F31A001ACDB2 /* FactsTableViewCellViewModel.swift */ = {isa = PBXFileReference; lastKnownFileType = sourcecode.swift; path = FactsTableViewCellViewModel.swift; sourceTree = "<group>"; };
		D07B09422BE4375C001ACDB2 /* FactsExtension.swift */ = {isa = PBXFileReference; lastKnownFileType = sourcecode.swift; path = FactsExtension.swift; sourceTree = "<group>"; };
/* End PBXFileReference section */

/* Begin PBXFrameworksBuildPhase section */
		D07B09122BE3C8C9001ACDB2 /* Frameworks */ = {
			isa = PBXFrameworksBuildPhase;
			buildActionMask = 2147483647;
			files = (
				D07B092F2BE3D9C3001ACDB2 /* Networking in Frameworks */,
			);
			runOnlyForDeploymentPostprocessing = 0;
		};
/* End PBXFrameworksBuildPhase section */

/* Begin PBXGroup section */
		D07B090C2BE3C8C9001ACDB2 = {
			isa = PBXGroup;
			children = (
				D07B09172BE3C8C9001ACDB2 /* Garfield */,
				D07B09162BE3C8C9001ACDB2 /* Products */,
			);
			sourceTree = "<group>";
		};
		D07B09162BE3C8C9001ACDB2 /* Products */ = {
			isa = PBXGroup;
			children = (
				D07B09152BE3C8C9001ACDB2 /* Garfield.app */,
			);
			name = Products;
			sourceTree = "<group>";
		};
		D07B09172BE3C8C9001ACDB2 /* Garfield */ = {
			isa = PBXGroup;
			children = (
				D07B09382BE3E399001ACDB2 /* App */,
				D07B093C2BE3F2B4001ACDB2 /* Cell */,
				D07B09312BE3E27C001ACDB2 /* Support */,
				D07B09322BE3E28F001ACDB2 /* Resources */,
				D07B09302BE3E272001ACDB2 /* Scenes */,
				D07B09262BE3C8CA001ACDB2 /* Info.plist */,
				D07B09392BE3E987001ACDB2 /* Modal */,
			);
			path = Garfield;
			sourceTree = "<group>";
		};
		D07B09302BE3E272001ACDB2 /* Scenes */ = {
			isa = PBXGroup;
			children = (
				D07B09332BE3E2D0001ACDB2 /* Main Page */,
			);
			name = Scenes;
			sourceTree = "<group>";
		};
		D07B09312BE3E27C001ACDB2 /* Support */ = {
			isa = PBXGroup;
			children = (
				D07B09232BE3C8CA001ACDB2 /* LaunchScreen.storyboard */,
			);
			name = Support;
			sourceTree = "<group>";
		};
		D07B09322BE3E28F001ACDB2 /* Resources */ = {
			isa = PBXGroup;
			children = (
				D07B09212BE3C8CA001ACDB2 /* Assets.xcassets */,
			);
			name = Resources;
			sourceTree = "<group>";
		};
		D07B09332BE3E2D0001ACDB2 /* Main Page */ = {
			isa = PBXGroup;
			children = (
				D07B09342BE3E304001ACDB2 /* CatFactsViewController.swift */,
				D07B09362BE3E35E001ACDB2 /* CatFactsViewModel.swift */,
				D07B09412BE43749001ACDB2 /* FactsMainPageExtension */,
			);
			name = "Main Page";
			sourceTree = "<group>";
		};
		D07B09382BE3E399001ACDB2 /* App */ = {
			isa = PBXGroup;
			children = (
				D07B091A2BE3C8C9001ACDB2 /* SceneDelegate.swift */,
				D07B09182BE3C8C9001ACDB2 /* AppDelegate.swift */,
			);
			name = App;
			sourceTree = "<group>";
		};
		D07B09392BE3E987001ACDB2 /* Modal */ = {
			isa = PBXGroup;
			children = (
				D07B093A2BE3E994001ACDB2 /* FactsModal.swift */,
			);
			name = Modal;
			sourceTree = "<group>";
		};
		D07B093C2BE3F2B4001ACDB2 /* Cell */ = {
			isa = PBXGroup;
			children = (
				D07B093D2BE3F2FC001ACDB2 /* CatFactsViewTableViewCell.swift */,
				D07B093F2BE3F31A001ACDB2 /* FactsTableViewCellViewModel.swift */,
			);
			name = Cell;
			sourceTree = "<group>";
		};
		D07B09412BE43749001ACDB2 /* FactsMainPageExtension */ = {
			isa = PBXGroup;
			children = (
				D07B09422BE4375C001ACDB2 /* FactsExtension.swift */,
			);
			name = FactsMainPageExtension;
			sourceTree = "<group>";
		};
/* End PBXGroup section */

/* Begin PBXNativeTarget section */
		D07B09142BE3C8C9001ACDB2 /* Garfield */ = {
			isa = PBXNativeTarget;
			buildConfigurationList = D07B09292BE3C8CA001ACDB2 /* Build configuration list for PBXNativeTarget "Garfield" */;
			buildPhases = (
				D07B09112BE3C8C9001ACDB2 /* Sources */,
				D07B09122BE3C8C9001ACDB2 /* Frameworks */,
				D07B09132BE3C8C9001ACDB2 /* Resources */,
			);
			buildRules = (
			);
			dependencies = (
			);
			name = Garfield;
			packageProductDependencies = (
				D07B092E2BE3D9C3001ACDB2 /* Networking */,
			);
			productName = Garfield;
			productReference = D07B09152BE3C8C9001ACDB2 /* Garfield.app */;
			productType = "com.apple.product-type.application";
		};
/* End PBXNativeTarget section */

/* Begin PBXProject section */
		D07B090D2BE3C8C9001ACDB2 /* Project object */ = {
			isa = PBXProject;
			attributes = {
				BuildIndependentTargetsInParallel = 1;
				LastSwiftUpdateCheck = 1530;
				LastUpgradeCheck = 1530;
				TargetAttributes = {
					D07B09142BE3C8C9001ACDB2 = {
						CreatedOnToolsVersion = 15.3;
					};
				};
			};
			buildConfigurationList = D07B09102BE3C8C9001ACDB2 /* Build configuration list for PBXProject "Garfield" */;
			compatibilityVersion = "Xcode 14.0";
			developmentRegion = en;
			hasScannedForEncodings = 0;
			knownRegions = (
				en,
				Base,
			);
			mainGroup = D07B090C2BE3C8C9001ACDB2;
			packageReferences = (
				D07B092D2BE3D9C3001ACDB2 /* XCRemoteSwiftPackageReference "Networking" */,
			);
			productRefGroup = D07B09162BE3C8C9001ACDB2 /* Products */;
			projectDirPath = "";
			projectRoot = "";
			targets = (
				D07B09142BE3C8C9001ACDB2 /* Garfield */,
			);
		};
/* End PBXProject section */

/* Begin PBXResourcesBuildPhase section */
		D07B09132BE3C8C9001ACDB2 /* Resources */ = {
			isa = PBXResourcesBuildPhase;
			buildActionMask = 2147483647;
			files = (
				D07B09222BE3C8CA001ACDB2 /* Assets.xcassets in Resources */,
				D07B09252BE3C8CA001ACDB2 /* Base in Resources */,
			);
			runOnlyForDeploymentPostprocessing = 0;
		};
/* End PBXResourcesBuildPhase section */

/* Begin PBXSourcesBuildPhase section */
		D07B09112BE3C8C9001ACDB2 /* Sources */ = {
			isa = PBXSourcesBuildPhase;
			buildActionMask = 2147483647;
			files = (
				D07B09352BE3E304001ACDB2 /* CatFactsViewController.swift in Sources */,
				D07B09402BE3F31A001ACDB2 /* FactsTableViewCellViewModel.swift in Sources */,
				D07B093E2BE3F2FC001ACDB2 /* CatFactsViewTableViewCell.swift in Sources */,
				D07B09192BE3C8C9001ACDB2 /* AppDelegate.swift in Sources */,
				D07B091B2BE3C8C9001ACDB2 /* SceneDelegate.swift in Sources */,
				D07B09432BE4375C001ACDB2 /* FactsExtension.swift in Sources */,
				D07B09372BE3E35E001ACDB2 /* CatFactsViewModel.swift in Sources */,
				D07B093B2BE3E994001ACDB2 /* FactsModal.swift in Sources */,
			);
			runOnlyForDeploymentPostprocessing = 0;
		};
/* End PBXSourcesBuildPhase section */

/* Begin PBXVariantGroup section */
		D07B09232BE3C8CA001ACDB2 /* LaunchScreen.storyboard */ = {
			isa = PBXVariantGroup;
			children = (
				D07B09242BE3C8CA001ACDB2 /* Base */,
			);
			name = LaunchScreen.storyboard;
			sourceTree = "<group>";
		};
/* End PBXVariantGroup section */

/* Begin XCBuildConfiguration section */
		D07B09272BE3C8CA001ACDB2 /* Debug */ = {
			isa = XCBuildConfiguration;
			buildSettings = {
				ALWAYS_SEARCH_USER_PATHS = NO;
				ASSETCATALOG_COMPILER_GENERATE_SWIFT_ASSET_SYMBOL_EXTENSIONS = YES;
				CLANG_ANALYZER_NONNULL = YES;
				CLANG_ANALYZER_NUMBER_OBJECT_CONVERSION = YES_AGGRESSIVE;
				CLANG_CXX_LANGUAGE_STANDARD = "gnu++20";
				CLANG_ENABLE_MODULES = YES;
				CLANG_ENABLE_OBJC_ARC = YES;
				CLANG_ENABLE_OBJC_WEAK = YES;
				CLANG_WARN_BLOCK_CAPTURE_AUTORELEASING = YES;
				CLANG_WARN_BOOL_CONVERSION = YES;
				CLANG_WARN_COMMA = YES;
				CLANG_WARN_CONSTANT_CONVERSION = YES;
				CLANG_WARN_DEPRECATED_OBJC_IMPLEMENTATIONS = YES;
				CLANG_WARN_DIRECT_OBJC_ISA_USAGE = YES_ERROR;
				CLANG_WARN_DOCUMENTATION_COMMENTS = YES;
				CLANG_WARN_EMPTY_BODY = YES;
				CLANG_WARN_ENUM_CONVERSION = YES;
				CLANG_WARN_INFINITE_RECURSION = YES;
				CLANG_WARN_INT_CONVERSION = YES;
				CLANG_WARN_NON_LITERAL_NULL_CONVERSION = YES;
				CLANG_WARN_OBJC_IMPLICIT_RETAIN_SELF = YES;
				CLANG_WARN_OBJC_LITERAL_CONVERSION = YES;
				CLANG_WARN_OBJC_ROOT_CLASS = YES_ERROR;
				CLANG_WARN_QUOTED_INCLUDE_IN_FRAMEWORK_HEADER = YES;
				CLANG_WARN_RANGE_LOOP_ANALYSIS = YES;
				CLANG_WARN_STRICT_PROTOTYPES = YES;
				CLANG_WARN_SUSPICIOUS_MOVE = YES;
				CLANG_WARN_UNGUARDED_AVAILABILITY = YES_AGGRESSIVE;
				CLANG_WARN_UNREACHABLE_CODE = YES;
				CLANG_WARN__DUPLICATE_METHOD_MATCH = YES;
				COPY_PHASE_STRIP = NO;
				DEBUG_INFORMATION_FORMAT = dwarf;
				ENABLE_STRICT_OBJC_MSGSEND = YES;
				ENABLE_TESTABILITY = YES;
				ENABLE_USER_SCRIPT_SANDBOXING = YES;
				GCC_C_LANGUAGE_STANDARD = gnu17;
				GCC_DYNAMIC_NO_PIC = NO;
				GCC_NO_COMMON_BLOCKS = YES;
				GCC_OPTIMIZATION_LEVEL = 0;
				GCC_PREPROCESSOR_DEFINITIONS = (
					"DEBUG=1",
					"$(inherited)",
				);
				GCC_WARN_64_TO_32_BIT_CONVERSION = YES;
				GCC_WARN_ABOUT_RETURN_TYPE = YES_ERROR;
				GCC_WARN_UNDECLARED_SELECTOR = YES;
				GCC_WARN_UNINITIALIZED_AUTOS = YES_AGGRESSIVE;
				GCC_WARN_UNUSED_FUNCTION = YES;
				GCC_WARN_UNUSED_VARIABLE = YES;
				IPHONEOS_DEPLOYMENT_TARGET = 17.4;
				LOCALIZATION_PREFERS_STRING_CATALOGS = YES;
				MTL_ENABLE_DEBUG_INFO = INCLUDE_SOURCE;
				MTL_FAST_MATH = YES;
				ONLY_ACTIVE_ARCH = YES;
				SDKROOT = iphoneos;
				SWIFT_ACTIVE_COMPILATION_CONDITIONS = "DEBUG $(inherited)";
				SWIFT_OPTIMIZATION_LEVEL = "-Onone";
			};
			name = Debug;
		};
		D07B09282BE3C8CA001ACDB2 /* Release */ = {
			isa = XCBuildConfiguration;
			buildSettings = {
				ALWAYS_SEARCH_USER_PATHS = NO;
				ASSETCATALOG_COMPILER_GENERATE_SWIFT_ASSET_SYMBOL_EXTENSIONS = YES;
				CLANG_ANALYZER_NONNULL = YES;
				CLANG_ANALYZER_NUMBER_OBJECT_CONVERSION = YES_AGGRESSIVE;
				CLANG_CXX_LANGUAGE_STANDARD = "gnu++20";
				CLANG_ENABLE_MODULES = YES;
				CLANG_ENABLE_OBJC_ARC = YES;
				CLANG_ENABLE_OBJC_WEAK = YES;
				CLANG_WARN_BLOCK_CAPTURE_AUTORELEASING = YES;
				CLANG_WARN_BOOL_CONVERSION = YES;
				CLANG_WARN_COMMA = YES;
				CLANG_WARN_CONSTANT_CONVERSION = YES;
				CLANG_WARN_DEPRECATED_OBJC_IMPLEMENTATIONS = YES;
				CLANG_WARN_DIRECT_OBJC_ISA_USAGE = YES_ERROR;
				CLANG_WARN_DOCUMENTATION_COMMENTS = YES;
				CLANG_WARN_EMPTY_BODY = YES;
				CLANG_WARN_ENUM_CONVERSION = YES;
				CLANG_WARN_INFINITE_RECURSION = YES;
				CLANG_WARN_INT_CONVERSION = YES;
				CLANG_WARN_NON_LITERAL_NULL_CONVERSION = YES;
				CLANG_WARN_OBJC_IMPLICIT_RETAIN_SELF = YES;
				CLANG_WARN_OBJC_LITERAL_CONVERSION = YES;
				CLANG_WARN_OBJC_ROOT_CLASS = YES_ERROR;
				CLANG_WARN_QUOTED_INCLUDE_IN_FRAMEWORK_HEADER = YES;
				CLANG_WARN_RANGE_LOOP_ANALYSIS = YES;
				CLANG_WARN_STRICT_PROTOTYPES = YES;
				CLANG_WARN_SUSPICIOUS_MOVE = YES;
				CLANG_WARN_UNGUARDED_AVAILABILITY = YES_AGGRESSIVE;
				CLANG_WARN_UNREACHABLE_CODE = YES;
				CLANG_WARN__DUPLICATE_METHOD_MATCH = YES;
				COPY_PHASE_STRIP = NO;
				DEBUG_INFORMATION_FORMAT = "dwarf-with-dsym";
				ENABLE_NS_ASSERTIONS = NO;
				ENABLE_STRICT_OBJC_MSGSEND = YES;
				ENABLE_USER_SCRIPT_SANDBOXING = YES;
				GCC_C_LANGUAGE_STANDARD = gnu17;
				GCC_NO_COMMON_BLOCKS = YES;
				GCC_WARN_64_TO_32_BIT_CONVERSION = YES;
				GCC_WARN_ABOUT_RETURN_TYPE = YES_ERROR;
				GCC_WARN_UNDECLARED_SELECTOR = YES;
				GCC_WARN_UNINITIALIZED_AUTOS = YES_AGGRESSIVE;
				GCC_WARN_UNUSED_FUNCTION = YES;
				GCC_WARN_UNUSED_VARIABLE = YES;
				IPHONEOS_DEPLOYMENT_TARGET = 17.4;
				LOCALIZATION_PREFERS_STRING_CATALOGS = YES;
				MTL_ENABLE_DEBUG_INFO = NO;
				MTL_FAST_MATH = YES;
				SDKROOT = iphoneos;
				SWIFT_COMPILATION_MODE = wholemodule;
				VALIDATE_PRODUCT = YES;
			};
			name = Release;
		};
		D07B092A2BE3C8CA001ACDB2 /* Debug */ = {
			isa = XCBuildConfiguration;
			buildSettings = {
				ASSETCATALOG_COMPILER_APPICON_NAME = AppIcon;
				ASSETCATALOG_COMPILER_GLOBAL_ACCENT_COLOR_NAME = AccentColor;
				CODE_SIGN_STYLE = Automatic;
				CURRENT_PROJECT_VERSION = 1;
				DEVELOPMENT_TEAM = BUWU6XCAQ7;
				GENERATE_INFOPLIST_FILE = YES;
				INFOPLIST_FILE = Garfield/Info.plist;
				INFOPLIST_KEY_UIApplicationSupportsIndirectInputEvents = YES;
				INFOPLIST_KEY_UILaunchStoryboardName = LaunchScreen;
				INFOPLIST_KEY_UISupportedInterfaceOrientations_iPad = "UIInterfaceOrientationPortrait UIInterfaceOrientationPortraitUpsideDown UIInterfaceOrientationLandscapeLeft UIInterfaceOrientationLandscapeRight";
				INFOPLIST_KEY_UISupportedInterfaceOrientations_iPhone = "UIInterfaceOrientationPortrait UIInterfaceOrientationLandscapeLeft UIInterfaceOrientationLandscapeRight";
				LD_RUNPATH_SEARCH_PATHS = (
					"$(inherited)",
					"@executable_path/Frameworks",
				);
				MARKETING_VERSION = 1.0;
				PRODUCT_BUNDLE_IDENTIFIER = ge.academy.Garfield;
				PRODUCT_NAME = "$(TARGET_NAME)";
				SWIFT_EMIT_LOC_STRINGS = YES;
				SWIFT_VERSION = 5.0;
				TARGETED_DEVICE_FAMILY = "1,2";
			};
			name = Debug;
		};
		D07B092B2BE3C8CA001ACDB2 /* Release */ = {
			isa = XCBuildConfiguration;
			buildSettings = {
				ASSETCATALOG_COMPILER_APPICON_NAME = AppIcon;
				ASSETCATALOG_COMPILER_GLOBAL_ACCENT_COLOR_NAME = AccentColor;
				CODE_SIGN_STYLE = Automatic;
				CURRENT_PROJECT_VERSION = 1;
				DEVELOPMENT_TEAM = BUWU6XCAQ7;
				GENERATE_INFOPLIST_FILE = YES;
				INFOPLIST_FILE = Garfield/Info.plist;
				INFOPLIST_KEY_UIApplicationSupportsIndirectInputEvents = YES;
				INFOPLIST_KEY_UILaunchStoryboardName = LaunchScreen;
				INFOPLIST_KEY_UISupportedInterfaceOrientations_iPad = "UIInterfaceOrientationPortrait UIInterfaceOrientationPortraitUpsideDown UIInterfaceOrientationLandscapeLeft UIInterfaceOrientationLandscapeRight";
				INFOPLIST_KEY_UISupportedInterfaceOrientations_iPhone = "UIInterfaceOrientationPortrait UIInterfaceOrientationLandscapeLeft UIInterfaceOrientationLandscapeRight";
				LD_RUNPATH_SEARCH_PATHS = (
					"$(inherited)",
					"@executable_path/Frameworks",
				);
				MARKETING_VERSION = 1.0;
				PRODUCT_BUNDLE_IDENTIFIER = ge.academy.Garfield;
				PRODUCT_NAME = "$(TARGET_NAME)";
				SWIFT_EMIT_LOC_STRINGS = YES;
				SWIFT_VERSION = 5.0;
				TARGETED_DEVICE_FAMILY = "1,2";
			};
			name = Release;
		};
/* End XCBuildConfiguration section */

/* Begin XCConfigurationList section */
		D07B09102BE3C8C9001ACDB2 /* Build configuration list for PBXProject "Garfield" */ = {
			isa = XCConfigurationList;
			buildConfigurations = (
				D07B09272BE3C8CA001ACDB2 /* Debug */,
				D07B09282BE3C8CA001ACDB2 /* Release */,
			);
			defaultConfigurationIsVisible = 0;
			defaultConfigurationName = Release;
		};
		D07B09292BE3C8CA001ACDB2 /* Build configuration list for PBXNativeTarget "Garfield" */ = {
			isa = XCConfigurationList;
			buildConfigurations = (
				D07B092A2BE3C8CA001ACDB2 /* Debug */,
				D07B092B2BE3C8CA001ACDB2 /* Release */,
			);
			defaultConfigurationIsVisible = 0;
			defaultConfigurationName = Release;
		};
/* End XCConfigurationList section */

/* Begin XCRemoteSwiftPackageReference section */
		D07B092D2BE3D9C3001ACDB2 /* XCRemoteSwiftPackageReference "Networking" */ = {
			isa = XCRemoteSwiftPackageReference;
			repositoryURL = "https://github.com/devnoom/Networking.git";
			requirement = {
				branch = main;
				kind = branch;
			};
		};
/* End XCRemoteSwiftPackageReference section */

/* Begin XCSwiftPackageProductDependency section */
		D07B092E2BE3D9C3001ACDB2 /* Networking */ = {
			isa = XCSwiftPackageProductDependency;
			package = D07B092D2BE3D9C3001ACDB2 /* XCRemoteSwiftPackageReference "Networking" */;
			productName = Networking;
		};
/* End XCSwiftPackageProductDependency section */
	};
	rootObject = D07B090D2BE3C8C9001ACDB2 /* Project object */;
}
